
Microsoft Visual Studio Solution File, Format Version 12.00
# Visual Studio Version 16
VisualStudioVersion = 16.0.29009.5
MinimumVisualStudioVersion = 10.0.40219.1
Project("{FAE04EC0-301F-11D3-BF4B-00C04F79EFBC}") = "Week_04.Android", "Week_04.Android\Week_04.Android.csproj", "{5D43F05E-B0DC-4BBF-8096-1AF2BE2F1B3E}"
EndProject
Project("{FAE04EC0-301F-11D3-BF4B-00C04F79EFBC}") = "Week_04.iOS", "Week_04.iOS\Week_04.iOS.csproj", "{7ED8DAA9-8DB7-43D6-975C-B24BECCBD691}"
EndProject
Project("{FAE04EC0-301F-11D3-BF4B-00C04F79EFBC}") = "Week_04", "Week_04\Week_04.csproj", "{3FCD32E5-FF2B-4436-A1E5-306479570832}"
EndProject
Global
	GlobalSection(SolutionConfigurationPlatforms) = preSolution
		Debug|Any CPU = Debug|Any CPU
		Debug|iPhone = Debug|iPhone
		Debug|iPhoneSimulator = Debug|iPhoneSimulator
		Release|Any CPU = Release|Any CPU
		Release|iPhone = Release|iPhone
		Release|iPhoneSimulator = Release|iPhoneSimulator
	EndGlobalSection
	GlobalSection(ProjectConfigurationPlatforms) = postSolution
		{5D43F05E-B0DC-4BBF-8096-1AF2BE2F1B3E}.Debug|Any CPU.ActiveCfg = Debug|Any CPU
		{5D43F05E-B0DC-4BBF-8096-1AF2BE2F1B3E}.Debug|Any CPU.Build.0 = Debug|Any CPU
		{5D43F05E-B0DC-4BBF-8096-1AF2BE2F1B3E}.Debug|Any CPU.Deploy.0 = Debug|Any CPU
		{5D43F05E-B0DC-4BBF-8096-1AF2BE2F1B3E}.Debug|iPhone.ActiveCfg = Debug|Any CPU
		{5D43F05E-B0DC-4BBF-8096-1AF2BE2F1B3E}.Debug|iPhone.Build.0 = Debug|Any CPU
		{5D43F05E-B0DC-4BBF-8096-1AF2BE2F1B3E}.Debug|iPhone.Deploy.0 = Debug|Any CPU
		{5D43F05E-B0DC-4BBF-8096-1AF2BE2F1B3E}.Debug|iPhoneSimulator.ActiveCfg = Debug|Any CPU
		{5D43F05E-B0DC-4BBF-8096-1AF2BE2F1B3E}.Debug|iPhoneSimulator.Build.0 = Debug|Any CPU
		{5D43F05E-B0DC-4BBF-8096-1AF2BE2F1B3E}.Debug|iPhoneSimulator.Deploy.0 = Debug|Any CPU
		{5D43F05E-B0DC-4BBF-8096-1AF2BE2F1B3E}.Release|Any CPU.ActiveCfg = Release|Any CPU
		{5D43F05E-B0DC-4BBF-8096-1AF2BE2F1B3E}.Release|Any CPU.Build.0 = Release|Any CPU
		{5D43F05E-B0DC-4BBF-8096-1AF2BE2F1B3E}.Release|Any CPU.Deploy.0 = Release|Any CPU
		{5D43F05E-B0DC-4BBF-8096-1AF2BE2F1B3E}.Release|iPhone.ActiveCfg = Release|Any CPU
		{5D43F05E-B0DC-4BBF-8096-1AF2BE2F1B3E}.Release|iPhone.Build.0 = Release|Any CPU
		{5D43F05E-B0DC-4BBF-8096-1AF2BE2F1B3E}.Release|iPhone.Deploy.0 = Release|Any CPU
		{5D43F05E-B0DC-4BBF-8096-1AF2BE2F1B3E}.Release|iPhoneSimulator.ActiveCfg = Release|Any CPU
		{5D43F05E-B0DC-4BBF-8096-1AF2BE2F1B3E}.Release|iPhoneSimulator.Build.0 = Release|Any CPU
		{5D43F05E-B0DC-4BBF-8096-1AF2BE2F1B3E}.Release|iPhoneSimulator.Deploy.0 = Release|Any CPU
		{7ED8DAA9-8DB7-43D6-975C-B24BECCBD691}.Debug|Any CPU.ActiveCfg = Debug|iPhoneSimulator
		{7ED8DAA9-8DB7-43D6-975C-B24BECCBD691}.Debug|Any CPU.Build.0 = Debug|iPhoneSimulator
		{7ED8DAA9-8DB7-43D6-975C-B24BECCBD691}.Debug|Any CPU.Deploy.0 = Debug|iPhoneSimulator
		{7ED8DAA9-8DB7-43D6-975C-B24BECCBD691}.Debug|iPhone.ActiveCfg = Debug|iPhone
		{7ED8DAA9-8DB7-43D6-975C-B24BECCBD691}.Debug|iPhone.Build.0 = Debug|iPhone
		{7ED8DAA9-8DB7-43D6-975C-B24BECCBD691}.Debug|iPhone.Deploy.0 = Debug|iPhone
		{7ED8DAA9-8DB7-43D6-975C-B24BECCBD691}.Debug|iPhoneSimulator.ActiveCfg = Debug|iPhoneSimulator
		{7ED8DAA9-8DB7-43D6-975C-B24BECCBD691}.Debug|iPhoneSimulator.Build.0 = Debug|iPhoneSimulator
		{7ED8DAA9-8DB7-43D6-975C-B24BECCBD691}.Debug|iPhoneSimulator.Deploy.0 = Debug|iPhoneSimulator
		{7ED8DAA9-8DB7-43D6-975C-B24BECCBD691}.Release|Any CPU.ActiveCfg = Release|iPhone
		{7ED8DAA9-8DB7-43D6-975C-B24BECCBD691}.Release|Any CPU.Build.0 = Release|iPhone
		{7ED8DAA9-8DB7-43D6-975C-B24BECCBD691}.Release|Any CPU.Deploy.0 = Release|iPhone
		{7ED8DAA9-8DB7-43D6-975C-B24BECCBD691}.Release|iPhone.ActiveCfg = Release|iPhone
		{7ED8DAA9-8DB7-43D6-975C-B24BECCBD691}.Release|iPhone.Build.0 = Release|iPhone
		{7ED8DAA9-8DB7-43D6-975C-B24BECCBD691}.Release|iPhone.Deploy.0 = Release|iPhone
		{7ED8DAA9-8DB7-43D6-975C-B24BECCBD691}.Release|iPhoneSimulator.ActiveCfg = Release|iPhoneSimulator
		{7ED8DAA9-8DB7-43D6-975C-B24BECCBD691}.Release|iPhoneSimulator.Build.0 = Release|iPhoneSimulator
		{7ED8DAA9-8DB7-43D6-975C-B24BECCBD691}.Release|iPhoneSimulator.Deploy.0 = Release|iPhoneSimulator
		{3FCD32E5-FF2B-4436-A1E5-306479570832}.Debug|Any CPU.ActiveCfg = Debug|Any CPU
		{3FCD32E5-FF2B-4436-A1E5-306479570832}.Debug|Any CPU.Build.0 = Debug|Any CPU
		{3FCD32E5-FF2B-4436-A1E5-306479570832}.Debug|Any CPU.Deploy.0 = Debug|Any CPU
		{3FCD32E5-FF2B-4436-A1E5-306479570832}.Debug|iPhone.ActiveCfg = Debug|Any CPU
		{3FCD32E5-FF2B-4436-A1E5-306479570832}.Debug|iPhone.Build.0 = Debug|Any CPU
		{3FCD32E5-FF2B-4436-A1E5-306479570832}.Debug|iPhone.Deploy.0 = Debug|Any CPU
		{3FCD32E5-FF2B-4436-A1E5-306479570832}.Debug|iPhoneSimulator.ActiveCfg = Debug|Any CPU
		{3FCD32E5-FF2B-4436-A1E5-306479570832}.Debug|iPhoneSimulator.Build.0 = Debug|Any CPU
		{3FCD32E5-FF2B-4436-A1E5-306479570832}.Debug|iPhoneSimulator.Deploy.0 = Debug|Any CPU
		{3FCD32E5-FF2B-4436-A1E5-306479570832}.Release|Any CPU.ActiveCfg = Release|Any CPU
		{3FCD32E5-FF2B-4436-A1E5-306479570832}.Release|Any CPU.Build.0 = Release|Any CPU
		{3FCD32E5-FF2B-4436-A1E5-306479570832}.Release|Any CPU.Deploy.0 = Release|Any CPU
		{3FCD32E5-FF2B-4436-A1E5-306479570832}.Release|iPhone.ActiveCfg = Release|Any CPU
		{3FCD32E5-FF2B-4436-A1E5-306479570832}.Release|iPhone.Build.0 = Release|Any CPU
		{3FCD32E5-FF2B-4436-A1E5-306479570832}.Release|iPhone.Deploy.0 = Release|Any CPU
		{3FCD32E5-FF2B-4436-A1E5-306479570832}.Release|iPhoneSimulator.ActiveCfg = Release|Any CPU
		{3FCD32E5-FF2B-4436-A1E5-306479570832}.Release|iPhoneSimulator.Build.0 = Release|Any CPU
		{3FCD32E5-FF2B-4436-A1E5-306479570832}.Release|iPhoneSimulator.Deploy.0 = Release|Any CPU
	EndGlobalSection
	GlobalSection(SolutionProperties) = preSolution
		HideSolutionNode = FALSE
	EndGlobalSection
	GlobalSection(ExtensibilityGlobals) = postSolution
		SolutionGuid = {5E2BB7BE-0172-4057-A57B-6AB1BB78A6A2}
	EndGlobalSection
EndGlobal
